// !$*UTF8*$!
{
	archiveVersion = 1;
	classes = {
	};
	objectVersion = 46;
	objects = {

/* Begin PBXBuildFile section */
		6C5F19CD1BFA581A0080A49A /* AddPostVC.swift in Sources */ = {isa = PBXBuildFile; fileRef = 6C5F19CC1BFA581A0080A49A /* AddPostVC.swift */; };
		6C6822C71C00EC1700392393 /* DataService.swift in Sources */ = {isa = PBXBuildFile; fileRef = 6C6822C61C00EC1700392393 /* DataService.swift */; };
		6CA9EC421BF8F80300546E75 /* AppDelegate.swift in Sources */ = {isa = PBXBuildFile; fileRef = 6CA9EC411BF8F80300546E75 /* AppDelegate.swift */; };
		6CA9EC441BF8F80300546E75 /* ViewController.swift in Sources */ = {isa = PBXBuildFile; fileRef = 6CA9EC431BF8F80300546E75 /* ViewController.swift */; };
		6CA9EC471BF8F80300546E75 /* Main.storyboard in Resources */ = {isa = PBXBuildFile; fileRef = 6CA9EC451BF8F80300546E75 /* Main.storyboard */; };
		6CA9EC491BF8F80300546E75 /* Assets.xcassets in Resources */ = {isa = PBXBuildFile; fileRef = 6CA9EC481BF8F80300546E75 /* Assets.xcassets */; };
		6CA9EC4C1BF8F80300546E75 /* LaunchScreen.storyboard in Resources */ = {isa = PBXBuildFile; fileRef = 6CA9EC4A1BF8F80300546E75 /* LaunchScreen.storyboard */; };
		6CA9EC551BF8F8C200546E75 /* Post.swift in Sources */ = {isa = PBXBuildFile; fileRef = 6CA9EC541BF8F8C200546E75 /* Post.swift */; };
		6CA9EC581BF9075F00546E75 /* PostCell.swift in Sources */ = {isa = PBXBuildFile; fileRef = 6CA9EC571BF9075F00546E75 /* PostCell.swift */; };
/* End PBXBuildFile section */

/* Begin PBXFileReference section */
		6C5F19CC1BFA581A0080A49A /* AddPostVC.swift */ = {isa = PBXFileReference; fileEncoding = 4; lastKnownFileType = sourcecode.swift; path = AddPostVC.swift; sourceTree = "<group>"; };
		6C6822C61C00EC1700392393 /* DataService.swift */ = {isa = PBXFileReference; fileEncoding = 4; lastKnownFileType = sourcecode.swift; path = DataService.swift; sourceTree = "<group>"; };
		6CA9EC3E1BF8F80300546E75 /* Hoodz.app */ = {isa = PBXFileReference; explicitFileType = wrapper.application; includeInIndex = 0; path = Hoodz.app; sourceTree = BUILT_PRODUCTS_DIR; };
		6CA9EC411BF8F80300546E75 /* AppDelegate.swift */ = {isa = PBXFileReference; lastKnownFileType = sourcecode.swift; path = AppDelegate.swift; sourceTree = "<group>"; };
		6CA9EC431BF8F80300546E75 /* ViewController.swift */ = {isa = PBXFileReference; lastKnownFileType = sourcecode.swift; path = ViewController.swift; sourceTree = "<group>"; };
		6CA9EC461BF8F80300546E75 /* Base */ = {isa = PBXFileReference; lastKnownFileType = file.storyboard; name = Base; path = Base.lproj/Main.storyboard; sourceTree = "<group>"; };
		6CA9EC481BF8F80300546E75 /* Assets.xcassets */ = {isa = PBXFileReference; lastKnownFileType = folder.assetcatalog; path = Assets.xcassets; sourceTree = "<group>"; };
		6CA9EC4B1BF8F80300546E75 /* Base */ = {isa = PBXFileReference; lastKnownFileType = file.storyboard; name = Base; path = Base.lproj/LaunchScreen.storyboard; sourceTree = "<group>"; };
		6CA9EC4D1BF8F80300546E75 /* Info.plist */ = {isa = PBXFileReference; lastKnownFileType = text.plist.xml; path = Info.plist; sourceTree = "<group>"; };
		6CA9EC541BF8F8C200546E75 /* Post.swift */ = {isa = PBXFileReference; fileEncoding = 4; lastKnownFileType = sourcecode.swift; path = Post.swift; sourceTree = "<group>"; };
		6CA9EC571BF9075F00546E75 /* PostCell.swift */ = {isa = PBXFileReference; fileEncoding = 4; lastKnownFileType = sourcecode.swift; path = PostCell.swift; sourceTree = "<group>"; };
/* End PBXFileReference section */

/* Begin PBXFrameworksBuildPhase section */
		6CA9EC3B1BF8F80300546E75 /* Frameworks */ = {
			isa = PBXFrameworksBuildPhase;
			buildActionMask = 2147483647;
			files = (
			);
			runOnlyForDeploymentPostprocessing = 0;
		};
/* End PBXFrameworksBuildPhase section */

/* Begin PBXGroup section */
		6C5F19CB1BFA57D60080A49A /* Controller */ = {
			isa = PBXGroup;
			children = (
				6CA9EC431BF8F80300546E75 /* ViewController.swift */,
				6C5F19CC1BFA581A0080A49A /* AddPostVC.swift */,
			);
			name = Controller;
			sourceTree = "<group>";
		};
		6C6822C51C00EBF400392393 /* Services */ = {
			isa = PBXGroup;
			children = (
				6C6822C61C00EC1700392393 /* DataService.swift */,
			);
			name = Services;
			sourceTree = "<group>";
		};
		6CA9EC351BF8F80300546E75 = {
			isa = PBXGroup;
			children = (
				6CA9EC401BF8F80300546E75 /* Hoodz */,
				6CA9EC3F1BF8F80300546E75 /* Products */,
			);
			sourceTree = "<group>";
		};
		6CA9EC3F1BF8F80300546E75 /* Products */ = {
			isa = PBXGroup;
			children = (
				6CA9EC3E1BF8F80300546E75 /* Hoodz.app */,
			);
			name = Products;
			sourceTree = "<group>";
		};
		6CA9EC401BF8F80300546E75 /* Hoodz */ = {
			isa = PBXGroup;
			children = (
				6C6822C51C00EBF400392393 /* Services */,
				6CA9EC531BF8F8B300546E75 /* Model */,
				6CA9EC561BF9048300546E75 /* View */,
				6C5F19CB1BFA57D60080A49A /* Controller */,
				6CA9EC411BF8F80300546E75 /* AppDelegate.swift */,
				6CA9EC481BF8F80300546E75 /* Assets.xcassets */,
				6CA9EC4D1BF8F80300546E75 /* Info.plist */,
			);
			path = Hoodz;
			sourceTree = "<group>";
		};
		6CA9EC531BF8F8B300546E75 /* Model */ = {
			isa = PBXGroup;
			children = (
				6CA9EC541BF8F8C200546E75 /* Post.swift */,
			);
			name = Model;
			sourceTree = "<group>";
		};
		6CA9EC561BF9048300546E75 /* View */ = {
			isa = PBXGroup;
			children = (
				6CA9EC4A1BF8F80300546E75 /* LaunchScreen.storyboard */,
				6CA9EC451BF8F80300546E75 /* Main.storyboard */,
				6CA9EC571BF9075F00546E75 /* PostCell.swift */,
			);
			name = View;
			sourceTree = "<group>";
		};
/* End PBXGroup section */

/* Begin PBXNativeTarget section */
		6CA9EC3D1BF8F80300546E75 /* Hoodz */ = {
			isa = PBXNativeTarget;
			buildConfigurationList = 6CA9EC501BF8F80300546E75 /* Build configuration list for PBXNativeTarget "Hoodz" */;
			buildPhases = (
				6CA9EC3A1BF8F80300546E75 /* Sources */,
				6CA9EC3B1BF8F80300546E75 /* Frameworks */,
				6CA9EC3C1BF8F80300546E75 /* Resources */,
			);
			buildRules = (
			);
			dependencies = (
			);
			name = Hoodz;
			productName = Hoodz;
			productReference = 6CA9EC3E1BF8F80300546E75 /* Hoodz.app */;
			productType = "com.apple.product-type.application";
		};
/* End PBXNativeTarget section */

/* Begin PBXProject section */
		6CA9EC361BF8F80300546E75 /* Project object */ = {
			isa = PBXProject;
			attributes = {
				LastSwiftUpdateCheck = 0710;
				LastUpgradeCheck = 0710;
				ORGANIZATIONNAME = "Dulio Denis";
				TargetAttributes = {
					6CA9EC3D1BF8F80300546E75 = {
						CreatedOnToolsVersion = 7.1;
					};
				};
			};
			buildConfigurationList = 6CA9EC391BF8F80300546E75 /* Build configuration list for PBXProject "Hoodz" */;
			compatibilityVersion = "Xcode 3.2";
			developmentRegion = English;
			hasScannedForEncodings = 0;
			knownRegions = (
				en,
				Base,
			);
			mainGroup = 6CA9EC351BF8F80300546E75;
			productRefGroup = 6CA9EC3F1BF8F80300546E75 /* Products */;
			projectDirPath = "";
			projectRoot = "";
			targets = (
				6CA9EC3D1BF8F80300546E75 /* Hoodz */,
			);
		};
/* End PBXProject section */

/* Begin PBXResourcesBuildPhase section */
		6CA9EC3C1BF8F80300546E75 /* Resources */ = {
			isa = PBXResourcesBuildPhase;
			buildActionMask = 2147483647;
			files = (
				6CA9EC4C1BF8F80300546E75 /* LaunchScreen.storyboard in Resources */,
				6CA9EC491BF8F80300546E75 /* Assets.xcassets in Resources */,
				6CA9EC471BF8F80300546E75 /* Main.storyboard in Resources */,
			);
			runOnlyForDeploymentPostprocessing = 0;
		};
/* End PBXResourcesBuildPhase section */

/* Begin PBXSourcesBuildPhase section */
		6CA9EC3A1BF8F80300546E75 /* Sources */ = {
			isa = PBXSourcesBuildPhase;
			buildActionMask = 2147483647;
			files = (
				6CA9EC551BF8F8C200546E75 /* Post.swift in Sources */,
				6CA9EC441BF8F80300546E75 /* ViewController.swift in Sources */,
				6C5F19CD1BFA581A0080A49A /* AddPostVC.swift in Sources */,
				6C6822C71C00EC1700392393 /* DataService.swift in Sources */,
				6CA9EC421BF8F80300546E75 /* AppDelegate.swift in Sources */,
				6CA9EC581BF9075F00546E75 /* PostCell.swift in Sources */,
			);
			runOnlyForDeploymentPostprocessing = 0;
		};
/* End PBXSourcesBuildPhase section */

/* Begin PBXVariantGroup section */
		6CA9EC451BF8F80300546E75 /* Main.storyboard */ = {
			isa = PBXVariantGroup;
			children = (
				6CA9EC461BF8F80300546E75 /* Base */,
			);
			name = Main.storyboard;
			sourceTree = "<group>";
		};
		6CA9EC4A1BF8F80300546E75 /* LaunchScreen.storyboard */ = {
			isa = PBXVariantGroup;
			children = (
				6CA9EC4B1BF8F80300546E75 /* Base */,
			);
			name = LaunchScreen.storyboard;
			sourceTree = "<group>";
		};
/* End PBXVariantGroup section */

/* Begin XCBuildConfiguration section */
		6CA9EC4E1BF8F80300546E75 /* Debug */ = {
			isa = XCBuildConfiguration;
			buildSettings = {
				ALWAYS_SEARCH_USER_PATHS = NO;
				CLANG_CXX_LANGUAGE_STANDARD = "gnu++0x";
				CLANG_CXX_LIBRARY = "libc++";
				CLANG_ENABLE_MODULES = YES;
				CLANG_ENABLE_OBJC_ARC = YES;
				CLANG_WARN_BOOL_CONVERSION = YES;
				CLANG_WARN_CONSTANT_CONVERSION = YES;
				CLANG_WARN_DIRECT_OBJC_ISA_USAGE = YES_ERROR;
				CLANG_WARN_EMPTY_BODY = YES;
				CLANG_WARN_ENUM_CONVERSION = YES;
				CLANG_WARN_INT_CONVERSION = YES;
				CLANG_WARN_OBJC_ROOT_CLASS = YES_ERROR;
				CLANG_WARN_UNREACHABLE_CODE = YES;
				CLANG_WARN__DUPLICATE_METHOD_MATCH = YES;
				"CODE_SIGN_IDENTITY[sdk=iphoneos*]" = "iPhone Developer";
				COPY_PHASE_STRIP = NO;
				DEBUG_INFORMATION_FORMAT = dwarf;
				ENABLE_STRICT_OBJC_MSGSEND = YES;
				ENABLE_TESTABILITY = YES;
				GCC_C_LANGUAGE_STANDARD = gnu99;
				GCC_DYNAMIC_NO_PIC = NO;
				GCC_NO_COMMON_BLOCKS = YES;
				GCC_OPTIMIZATION_LEVEL = 0;
				GCC_PREPROCESSOR_DEFINITIONS = (
					"DEBUG=1",
					"$(inherited)",
				);
				GCC_WARN_64_TO_32_BIT_CONVERSION = YES;
				GCC_WARN_ABOUT_RETURN_TYPE = YES_ERROR;
				GCC_WARN_UNDECLARED_SELECTOR = YES;
				GCC_WARN_UNINITIALIZED_AUTOS = YES_AGGRESSIVE;
				GCC_WARN_UNUSED_FUNCTION = YES;
				GCC_WARN_UNUSED_VARIABLE = YES;
				IPHONEOS_DEPLOYMENT_TARGET = 9.1;
				MTL_ENABLE_DEBUG_INFO = YES;
				ONLY_ACTIVE_ARCH = YES;
				SDKROOT = iphoneos;
				SWIFT_OPTIMIZATION_LEVEL = "-Onone";
				TARGETED_DEVICE_FAMILY = "1,2";
			};
			name = Debug;
		};
		6CA9EC4F1BF8F80300546E75 /* Release */ = {
			isa = XCBuildConfiguration;
			buildSettings = {
				ALWAYS_SEARCH_USER_PATHS = NO;
				CLANG_CXX_LANGUAGE_STANDARD = "gnu++0x";
				CLANG_CXX_LIBRARY = "libc++";
				CLANG_ENABLE_MODULES = YES;
				CLANG_ENABLE_OBJC_ARC = YES;
				CLANG_WARN_BOOL_CONVERSION = YES;
				CLANG_WARN_CONSTANT_CONVERSION = YES;
				CLANG_WARN_DIRECT_OBJC_ISA_USAGE = YES_ERROR;
				CLANG_WARN_EMPTY_BODY = YES;
				CLANG_WARN_ENUM_CONVERSION = YES;
				CLANG_WARN_INT_CONVERSION = YES;
				CLANG_WARN_OBJC_ROOT_CLASS = YES_ERROR;
				CLANG_WARN_UNREACHABLE_CODE = YES;
				CLANG_WARN__DUPLICATE_METHOD_MATCH = YES;
				"CODE_SIGN_IDENTITY[sdk=iphoneos*]" = "iPhone Developer";
				COPY_PHASE_STRIP = NO;
				DEBUG_INFORMATION_FORMAT = "dwarf-with-dsym";
				ENABLE_NS_ASSERTIONS = NO;
				ENABLE_STRICT_OBJC_MSGSEND = YES;
				GCC_C_LANGUAGE_STANDARD = gnu99;
				GCC_NO_COMMON_BLOCKS = YES;
				GCC_WARN_64_TO_32_BIT_CONVERSION = YES;
				GCC_WARN_ABOUT_RETURN_TYPE = YES_ERROR;
				GCC_WARN_UNDECLARED_SELECTOR = YES;
				GCC_WARN_UNINITIALIZED_AUTOS = YES_AGGRESSIVE;
				GCC_WARN_UNUSED_FUNCTION = YES;
				GCC_WARN_UNUSED_VARIABLE = YES;
				IPHONEOS_DEPLOYMENT_TARGET = 9.1;
				MTL_ENABLE_DEBUG_INFO = NO;
				SDKROOT = iphoneos;
				TARGETED_DEVICE_FAMILY = "1,2";
				VALIDATE_PRODUCT = YES;
			};
			name = Release;
		};
		6CA9EC511BF8F80300546E75 /* Debug */ = {
			isa = XCBuildConfiguration;
			buildSettings = {
				ASSETCATALOG_COMPILER_APPICON_NAME = AppIcon;
				INFOPLIST_FILE = Hoodz/Info.plist;
				LD_RUNPATH_SEARCH_PATHS = "$(inherited) @executable_path/Frameworks";
				PRODUCT_BUNDLE_IDENTIFIER = co.ddapps.Hoodz;
				PRODUCT_NAME = "$(TARGET_NAME)";
			};
			name = Debug;
		};
		6CA9EC521BF8F80300546E75 /* Release */ = {
			isa = XCBuildConfiguration;
			buildSettings = {
				ASSETCATALOG_COMPILER_APPICON_NAME = AppIcon;
				INFOPLIST_FILE = Hoodz/Info.plist;
				LD_RUNPATH_SEARCH_PATHS = "$(inherited) @executable_path/Frameworks";
				PRODUCT_BUNDLE_IDENTIFIER = co.ddapps.Hoodz;
				PRODUCT_NAME = "$(TARGET_NAME)";
			};
			name = Release;
		};
/* End XCBuildConfiguration section */

/* Begin XCConfigurationList section */
		6CA9EC391BF8F80300546E75 /* Build configuration list for PBXProject "Hoodz" */ = {
			isa = XCConfigurationList;
			buildConfigurations = (
				6CA9EC4E1BF8F80300546E75 /* Debug */,
				6CA9EC4F1BF8F80300546E75 /* Release */,
			);
			defaultConfigurationIsVisible = 0;
			defaultConfigurationName = Release;
		};
		6CA9EC501BF8F80300546E75 /* Build configuration list for PBXNativeTarget "Hoodz" */ = {
			isa = XCConfigurationList;
			buildConfigurations = (
				6CA9EC511BF8F80300546E75 /* Debug */,
				6CA9EC521BF8F80300546E75 /* Release */,
			);
			defaultConfigurationIsVisible = 0;
			defaultConfigurationName = Release;
		};
/* End XCConfigurationList section */
	};
	rootObject = 6CA9EC361BF8F80300546E75 /* Project object */;
}
